Microsoft Visual Studio Solution File, Format Version 12.00
# Visual Studio Version 17
VisualStudioVersion = 17.5.2.0
MinimumVisualStudioVersion = 10.0.40219.1
Project("{2150E333-8FDC-42A3-9474-1A3956D46DE8}") = "build-check", "build-check", "{9D76044A-A012-AB21-30C2-8B8B2B0FE06B}"
EndProject
Project("{FAE04EC0-301F-11D3-BF4B-00C04F79EFBC}") = "BogatyrskayaZastava", "build-check\BogatyrskayaZastava.csproj", "{B928C64A-CA96-4A43-3DAF-2E0FE6879F00}"
EndProject
Global
	GlobalSection(SolutionConfigurationPlatforms) = preSolution
		Debug|Any CPU = Debug|Any CPU
		Release|Any CPU = Release|Any CPU
	EndGlobalSection
	GlobalSection(ProjectConfigurationPlatforms) = postSolution
		{B928C64A-CA96-4A43-3DAF-2E0FE6879F00}.Debug|Any CPU.ActiveCfg = Debug|Any CPU
		{B928C64A-CA96-4A43-3DAF-2E0FE6879F00}.Debug|Any CPU.Build.0 = Debug|Any CPU
		{B928C64A-CA96-4A43-3DAF-2E0FE6879F00}.Release|Any CPU.ActiveCfg = Release|Any CPU
		{B928C64A-CA96-4A43-3DAF-2E0FE6879F00}.Release|Any CPU.Build.0 = Release|Any CPU
	EndGlobalSection
	GlobalSection(SolutionProperties) = preSolution
		HideSolutionNode = FALSE
	EndGlobalSection
	GlobalSection(NestedProjects) = preSolution
		{B928C64A-CA96-4A43-3DAF-2E0FE6879F00} = {9D76044A-A012-AB21-30C2-8B8B2B0FE06B}
	EndGlobalSection
	GlobalSection(ExtensibilityGlobals) = postSolution
		SolutionGuid = {CF3B39FB-1F95-4E6C-ACD7-1A05174B7814}
	EndGlobalSection
EndGlobal
